
Microsoft Visual Studio Solution File, Format Version 12.00
Project("{FAE04EC0-301F-11D3-BF4B-00C04F79EFBC}") = "AgendaSyncer.Console", "AgendaSyncer.Console\AgendaSyncer.Console.csproj", "{65437CD2-034F-4ED3-B27A-2B5D6B76F5F8}"
EndProject
Project("{FAE04EC0-301F-11D3-BF4B-00C04F79EFBC}") = "AgendaSyncer.Core", "AgendaSyncer.Core\AgendaSyncer.Core.csproj", "{CF374945-54EB-402E-93D6-D4437A236ACD}"
EndProject
Project("{FAE04EC0-301F-11D3-BF4B-00C04F79EFBC}") = "AgendaSyncer.Application", "AgendaSyncer.Application\AgendaSyncer.Application.csproj", "{DC1A4220-F2E6-4629-B194-42D3A736F3A5}"
EndProject
Project("{FAE04EC0-301F-11D3-BF4B-00C04F79EFBC}") = "AgendaSyncer.SyncWorker", "AgendaSyncer.SyncWorker\AgendaSyncer.SyncWorker.csproj", "{2F83E29E-0D53-4BE7-BF54-CE9B4A26B9E9}"
EndProject
Project("{FAE04EC0-301F-11D3-BF4B-00C04F79EFBC}") = "AgendaSyncer.Test", "AgendaSyncer.Test\AgendaSyncer.Test.csproj", "{C84EEA4E-9685-4FAE-A680-5018364D6156}"
EndProject
Global
	GlobalSection(SolutionConfigurationPlatforms) = preSolution
		Debug|Any CPU = Debug|Any CPU
		Release|Any CPU = Release|Any CPU
	EndGlobalSection
	GlobalSection(ProjectConfigurationPlatforms) = postSolution
		{65437CD2-034F-4ED3-B27A-2B5D6B76F5F8}.Debug|Any CPU.ActiveCfg = Debug|Any CPU
		{65437CD2-034F-4ED3-B27A-2B5D6B76F5F8}.Debug|Any CPU.Build.0 = Debug|Any CPU
		{65437CD2-034F-4ED3-B27A-2B5D6B76F5F8}.Release|Any CPU.ActiveCfg = Release|Any CPU
		{65437CD2-034F-4ED3-B27A-2B5D6B76F5F8}.Release|Any CPU.Build.0 = Release|Any CPU
		{CF374945-54EB-402E-93D6-D4437A236ACD}.Debug|Any CPU.ActiveCfg = Debug|Any CPU
		{CF374945-54EB-402E-93D6-D4437A236ACD}.Debug|Any CPU.Build.0 = Debug|Any CPU
		{CF374945-54EB-402E-93D6-D4437A236ACD}.Release|Any CPU.ActiveCfg = Release|Any CPU
		{CF374945-54EB-402E-93D6-D4437A236ACD}.Release|Any CPU.Build.0 = Release|Any CPU
		{DC1A4220-F2E6-4629-B194-42D3A736F3A5}.Debug|Any CPU.ActiveCfg = Debug|Any CPU
		{DC1A4220-F2E6-4629-B194-42D3A736F3A5}.Debug|Any CPU.Build.0 = Debug|Any CPU
		{DC1A4220-F2E6-4629-B194-42D3A736F3A5}.Release|Any CPU.ActiveCfg = Release|Any CPU
		{DC1A4220-F2E6-4629-B194-42D3A736F3A5}.Release|Any CPU.Build.0 = Release|Any CPU
		{2F83E29E-0D53-4BE7-BF54-CE9B4A26B9E9}.Debug|Any CPU.ActiveCfg = Debug|Any CPU
		{2F83E29E-0D53-4BE7-BF54-CE9B4A26B9E9}.Debug|Any CPU.Build.0 = Debug|Any CPU
		{2F83E29E-0D53-4BE7-BF54-CE9B4A26B9E9}.Release|Any CPU.ActiveCfg = Release|Any CPU
		{2F83E29E-0D53-4BE7-BF54-CE9B4A26B9E9}.Release|Any CPU.Build.0 = Release|Any CPU
		{C84EEA4E-9685-4FAE-A680-5018364D6156}.Debug|Any CPU.ActiveCfg = Debug|Any CPU
		{C84EEA4E-9685-4FAE-A680-5018364D6156}.Debug|Any CPU.Build.0 = Debug|Any CPU
		{C84EEA4E-9685-4FAE-A680-5018364D6156}.Release|Any CPU.ActiveCfg = Release|Any CPU
		{C84EEA4E-9685-4FAE-A680-5018364D6156}.Release|Any CPU.Build.0 = Release|Any CPU
	EndGlobalSection
EndGlobal
